
Microsoft Visual Studio Solution File, Format Version 12.00
# Visual Studio Version 16
VisualStudioVersion = 16.0.31129.286
MinimumVisualStudioVersion = 10.0.40219.1
Project("{FAE04EC0-301F-11D3-BF4B-00C04F79EFBC}") = "WebPhone", "WebPhone\WebPhone.csproj", "{9A2C1235-2369-4DFF-8134-DF3755F07D41}"
EndProject
Project("{FAE04EC0-301F-11D3-BF4B-00C04F79EFBC}") = "WebPhone.Tests", "WebPhone.Tests\WebPhone.Tests.csproj", "{0C984FEB-AFCB-4A1D-9B64-FBF5CDDE9A73}"
EndProject
Project("{FAE04EC0-301F-11D3-BF4B-00C04F79EFBC}") = "Models", "Models\Models.csproj", "{629A00D4-14A7-458D-9FD9-E2C13CD11596}"
EndProject
Global
	GlobalSection(SolutionConfigurationPlatforms) = preSolution
		Debug|Any CPU = Debug|Any CPU
		Release|Any CPU = Release|Any CPU
	EndGlobalSection
	GlobalSection(ProjectConfigurationPlatforms) = postSolution
		{9A2C1235-2369-4DFF-8134-DF3755F07D41}.Debug|Any CPU.ActiveCfg = Debug|Any CPU
		{9A2C1235-2369-4DFF-8134-DF3755F07D41}.Debug|Any CPU.Build.0 = Debug|Any CPU
		{9A2C1235-2369-4DFF-8134-DF3755F07D41}.Release|Any CPU.ActiveCfg = Release|Any CPU
		{9A2C1235-2369-4DFF-8134-DF3755F07D41}.Release|Any CPU.Build.0 = Release|Any CPU
		{0C984FEB-AFCB-4A1D-9B64-FBF5CDDE9A73}.Debug|Any CPU.ActiveCfg = Debug|Any CPU
		{0C984FEB-AFCB-4A1D-9B64-FBF5CDDE9A73}.Debug|Any CPU.Build.0 = Debug|Any CPU
		{0C984FEB-AFCB-4A1D-9B64-FBF5CDDE9A73}.Release|Any CPU.ActiveCfg = Release|Any CPU
		{0C984FEB-AFCB-4A1D-9B64-FBF5CDDE9A73}.Release|Any CPU.Build.0 = Release|Any CPU
		{629A00D4-14A7-458D-9FD9-E2C13CD11596}.Debug|Any CPU.ActiveCfg = Debug|Any CPU
		{629A00D4-14A7-458D-9FD9-E2C13CD11596}.Debug|Any CPU.Build.0 = Debug|Any CPU
		{629A00D4-14A7-458D-9FD9-E2C13CD11596}.Release|Any CPU.ActiveCfg = Release|Any CPU
		{629A00D4-14A7-458D-9FD9-E2C13CD11596}.Release|Any CPU.Build.0 = Release|Any CPU
	EndGlobalSection
	GlobalSection(SolutionProperties) = preSolution
		HideSolutionNode = FALSE
	EndGlobalSection
	GlobalSection(ExtensibilityGlobals) = postSolution
		SolutionGuid = {76AD4BBD-64BC-4407-AE64-6ED75FF57110}
	EndGlobalSection
EndGlobal
